
Microsoft Visual Studio Solution File, Format Version 12.00
# Visual Studio Version 16
VisualStudioVersion = 16.0.31515.178
MinimumVisualStudioVersion = 10.0.40219.1
Project("{FAE04EC0-301F-11D3-BF4B-00C04F79EFBC}") = "SquareEquationSolver", "SquareEquationSolver.csproj", "{D89270C3-9F36-498B-9D35-AEBF71744FBB}"
EndProject
Project("{FAE04EC0-301F-11D3-BF4B-00C04F79EFBC}") = "SquareEquationSolver.Testing", "..\SquareEquationSolver.Testing\SquareEquationSolver.Testing.csproj", "{4349C218-3474-4FC6-8A7C-C27300CCCCF2}"
EndProject
Global
	GlobalSection(SolutionConfigurationPlatforms) = preSolution
		Debug|Any CPU = Debug|Any CPU
		Release|Any CPU = Release|Any CPU
	EndGlobalSection
	GlobalSection(ProjectConfigurationPlatforms) = postSolution
		{D89270C3-9F36-498B-9D35-AEBF71744FBB}.Debug|Any CPU.ActiveCfg = Debug|Any CPU
		{D89270C3-9F36-498B-9D35-AEBF71744FBB}.Debug|Any CPU.Build.0 = Debug|Any CPU
		{D89270C3-9F36-498B-9D35-AEBF71744FBB}.Release|Any CPU.ActiveCfg = Release|Any CPU
		{D89270C3-9F36-498B-9D35-AEBF71744FBB}.Release|Any CPU.Build.0 = Release|Any CPU
		{4349C218-3474-4FC6-8A7C-C27300CCCCF2}.Debug|Any CPU.ActiveCfg = Debug|Any CPU
		{4349C218-3474-4FC6-8A7C-C27300CCCCF2}.Debug|Any CPU.Build.0 = Debug|Any CPU
		{4349C218-3474-4FC6-8A7C-C27300CCCCF2}.Release|Any CPU.ActiveCfg = Release|Any CPU
		{4349C218-3474-4FC6-8A7C-C27300CCCCF2}.Release|Any CPU.Build.0 = Release|Any CPU
	EndGlobalSection
	GlobalSection(SolutionProperties) = preSolution
		HideSolutionNode = FALSE
	EndGlobalSection
	GlobalSection(ExtensibilityGlobals) = postSolution
		SolutionGuid = {F0034223-F667-44F2-9067-F0099131A536}
	EndGlobalSection
EndGlobal
